{
  "name": "yidrop",
  "version": "1.0.0",
  "lockfileVersion": 1,
  "requires": true,
  "dependencies": {
    "vue": {
      "version": "2.6.11",
      "resolved": "https://registry.npmjs.org/vue/-/vue-2.6.11.tgz",
      "integrity": "sha512-VfPwgcGABbGAue9+sfrD4PuwFar7gPb1yl1UK1MwXoQPAw0BKSqWfoYCT/ThFrdEVWoI51dBuyCoiNU9bZDZxQ==",
      "dev": true
    },
    "vue-property-decorator": {
      "version": "9.0.0",
      "resolved": "https://registry.npmjs.org/vue-property-decorator/-/vue-property-decorator-9.0.0.tgz",
      "integrity": "sha512-oegTNPItuHOkW0AP1MnbdNwkmyhfsUIIXvIRHpgC18tVoEo21/i6kItyeekjMs8JgZJeuHzsaTc/DZaJFH4IWQ==",
      "dev": true
    }
  }
}
